
Microsoft Visual Studio Solution File, Format Version 12.00
# Visual Studio 2012
Project("{FAE04EC0-301F-11D3-BF4B-00C04F79EFBC}") = "MvxHeaderNeeded.Droid", "MvxHeaderNeeded\MvxHeaderNeeded.Droid.csproj", "{9B5F1869-56DE-4AC5-BA64-0C37DBF7DCE5}"
EndProject
Project("{FAE04EC0-301F-11D3-BF4B-00C04F79EFBC}") = "MvxHeaderNeeded.Core", "MvxHeaderNeeded.Core\MvxHeaderNeeded.Core.csproj", "{0B14574D-E052-4911-9D48-9527375CCA54}"
EndProject
Global
	GlobalSection(SolutionConfigurationPlatforms) = preSolution
		Debug|Any CPU = Debug|Any CPU
		Release|Any CPU = Release|Any CPU
	EndGlobalSection
	GlobalSection(ProjectConfigurationPlatforms) = postSolution
		{9B5F1869-56DE-4AC5-BA64-0C37DBF7DCE5}.Debug|Any CPU.ActiveCfg = Debug|Any CPU
		{9B5F1869-56DE-4AC5-BA64-0C37DBF7DCE5}.Debug|Any CPU.Build.0 = Debug|Any CPU
		{9B5F1869-56DE-4AC5-BA64-0C37DBF7DCE5}.Debug|Any CPU.Deploy.0 = Debug|Any CPU
		{9B5F1869-56DE-4AC5-BA64-0C37DBF7DCE5}.Release|Any CPU.ActiveCfg = Release|Any CPU
		{9B5F1869-56DE-4AC5-BA64-0C37DBF7DCE5}.Release|Any CPU.Build.0 = Release|Any CPU
		{9B5F1869-56DE-4AC5-BA64-0C37DBF7DCE5}.Release|Any CPU.Deploy.0 = Release|Any CPU
		{0B14574D-E052-4911-9D48-9527375CCA54}.Debug|Any CPU.ActiveCfg = Debug|Any CPU
		{0B14574D-E052-4911-9D48-9527375CCA54}.Debug|Any CPU.Build.0 = Debug|Any CPU
		{0B14574D-E052-4911-9D48-9527375CCA54}.Release|Any CPU.ActiveCfg = Release|Any CPU
		{0B14574D-E052-4911-9D48-9527375CCA54}.Release|Any CPU.Build.0 = Release|Any CPU
	EndGlobalSection
	GlobalSection(SolutionProperties) = preSolution
		HideSolutionNode = FALSE
	EndGlobalSection
EndGlobal
